
Microsoft Visual Studio Solution File, Format Version 12.00
# Visual Studio Version 17
VisualStudioVersion = 17.1.32120.378
MinimumVisualStudioVersion = 10.0.40219.1
Project("{9A19103F-16F7-4668-BE54-9A1E7A4F7556}") = "Extract_Core_Console_net6", "Extract_Console_net6\Extract_Core_Console_net6.csproj", "{317B5A25-5EFF-4398-9740-673C36BB30AA}"
EndProject
Project("{9A19103F-16F7-4668-BE54-9A1E7A4F7556}") = "Inline_Core_Console_net6", "Inline_Console_net6\Inline_Core_Console_net6.csproj", "{4D7DEF46-CD1D-420B-A68D-2852DA3375B4}"
EndProject
Project("{2150E333-8FDC-42A3-9474-1A3956D46DE8}") = "Extract", "Extract", "{32A76A65-A60B-423D-A4AC-FCA3BE0C4DEE}"
EndProject
Project("{2150E333-8FDC-42A3-9474-1A3956D46DE8}") = "Inline", "Inline", "{5D705D23-FF34-43DE-808B-8EFC007182C9}"
EndProject
Project("{FAE04EC0-301F-11D3-BF4B-00C04F79EFBC}") = "Extract_Framework_Lib", "Extract_Lib_net48\Extract_Framework_Lib.csproj", "{0765B6FA-03A1-4442-9C62-54E005C212C7}"
EndProject
Project("{FAE04EC0-301F-11D3-BF4B-00C04F79EFBC}") = "Inline_Framework_Lib", "Framework_Lib\Inline_Framework_Lib.csproj", "{02222EB5-B5ED-449F-B623-C6019F08B713}"
EndProject
Project("{D954291E-2A0B-460D-934E-DC6B0785DB48}") = "Extract_Shared", "Shared\Extract_Shared.shproj", "{702114FD-A639-4C6B-8C9B-86BB54E89A10}"
EndProject
Project("{D954291E-2A0B-460D-934E-DC6B0785DB48}") = "Inline_Shared", "Inline_Shared\Inline_Shared.shproj", "{6178F30E-2466-443C-BC1D-83C157408173}"
EndProject
Project("{9A19103F-16F7-4668-BE54-9A1E7A4F7556}") = "Extract_Blazor", "Extract_Blazor\Extract_Blazor.csproj", "{603BDB14-B641-4AA9-964E-C6DDFE318A28}"
EndProject
Project("{9A19103F-16F7-4668-BE54-9A1E7A4F7556}") = "Inline_Blazor", "Inline_Blazor\Inline_Blazor.csproj", "{2936DB99-8C90-4AE6-AC38-D651351FCBED}"
EndProject
Project("{9A19103F-16F7-4668-BE54-9A1E7A4F7556}") = "Extract_MVC", "Extract_MVC\Extract_MVC.csproj", "{45EB4349-BA91-4325-8C8B-C13264A44DE2}"
EndProject
Project("{9A19103F-16F7-4668-BE54-9A1E7A4F7556}") = "Inline_MVC", "Inline_MVC\Inline_MVC.csproj", "{0C3D5420-E961-4C17-B65E-66A60831A621}"
EndProject
Project("{FAE04EC0-301F-11D3-BF4B-00C04F79EFBC}") = "Extract_Aspx", "Extract_Aspx\Extract_Aspx.csproj", "{BE81EF8E-8734-47BF-87E4-CBBCCE2194B8}"
EndProject
Project("{FAE04EC0-301F-11D3-BF4B-00C04F79EFBC}") = "Inline_Aspx", "Inline_Aspx\Inline_Aspx.csproj", "{57B6074E-7C85-4B51-877B-72267CD8A883}"
EndProject
Project("{9A19103F-16F7-4668-BE54-9A1E7A4F7556}") = "Extract_Multi", "Extract_Multi\Extract_Multi.csproj", "{5E0B3622-2DAB-42CD-89D2-65CA3FF1216E}"
EndProject
Project("{9A19103F-16F7-4668-BE54-9A1E7A4F7556}") = "Inline_Multi", "Inline_Multi\Inline_Multi.csproj", "{2D2A3BC9-3B3E-4A33-A6D2-05F00E6D6656}"
EndProject
Project("{9A19103F-16F7-4668-BE54-9A1E7A4F7556}") = "Extract_Xaml", "Extract_Xaml\Extract_Xaml.csproj", "{F08B275D-4A69-4665-AE17-A9A45930FDC4}"
EndProject
Project("{9A19103F-16F7-4668-BE54-9A1E7A4F7556}") = "Inline_Xaml", "Inline_Xaml\Inline_Xaml.csproj", "{43F1E302-5DC0-4EC2-90E5-1409C6C27765}"
EndProject
Project("{9A19103F-16F7-4668-BE54-9A1E7A4F7556}") = "Extract_WinForms", "Extract_WinForms\Extract_WinForms.csproj", "{06DAFEA1-0072-4D6C-BA8B-F32554EC4EEA}"
EndProject
Project("{9A19103F-16F7-4668-BE54-9A1E7A4F7556}") = "Inline_WinForms", "Inline_WinForms\Inline_WinForms.csproj", "{9BB630F8-C571-44EC-B72F-F50631DC2EFC}"
EndProject
Project("{9A19103F-16F7-4668-BE54-9A1E7A4F7556}") = "Extract_Referenced_Lib", "Extract_Referenced_Lib\Extract_Referenced_Lib.csproj", "{453E2E44-3E69-4459-8E8D-E4772911B0D6}"
EndProject
Project("{9A19103F-16F7-4668-BE54-9A1E7A4F7556}") = "Inline_Referenced_Lib", "Inline_Referenced_Lib\Inline_Referenced_Lib.csproj", "{4C81B715-9A81-4A1F-A1C8-6BF6486B22BC}"
EndProject
Project("{9A19103F-16F7-4668-BE54-9A1E7A4F7556}") = "Dll", "Dll\Dll.csproj", "{AF15566C-0736-4CAD-8D7C-8205791F1C9A}"
EndProject
Project("{9A19103F-16F7-4668-BE54-9A1E7A4F7556}") = "Dll2", "Dll2\Dll2.csproj", "{75C58427-7334-4339-BF22-CA4C505FB885}"
EndProject
Project("{9A19103F-16F7-4668-BE54-9A1E7A4F7556}") = "Inline_Referenced_Lib2", "Inline_Referenced_Lib2\Inline_Referenced_Lib2.csproj", "{7EBBFE40-AF54-438C-B53B-497645DE2D30}"
EndProject
Project("{FAE04EC0-301F-11D3-BF4B-00C04F79EFBC}") = "Inline_Playground", "Inline_Playground\Inline_Playground.csproj", "{3C0776D5-E1C3-47F3-812F-C8C9517C518F}"
EndProject
Global
	GlobalSection(SharedMSBuildProjectFiles) = preSolution
		Inline_Shared\Inline_Shared.projitems*{02222eb5-b5ed-449f-b623-c6019f08b713}*SharedItemsImports = 4
		Shared\Shared.projitems*{0765b6fa-03a1-4442-9c62-54e005c212c7}*SharedItemsImports = 4
		Shared\Shared.projitems*{317b5a25-5eff-4398-9740-673c36bb30aa}*SharedItemsImports = 5
		Inline_Shared\Inline_Shared.projitems*{4d7def46-cd1d-420b-a68d-2852da3375b4}*SharedItemsImports = 5
		Inline_Shared\Inline_Shared.projitems*{6178f30e-2466-443c-bc1d-83c157408173}*SharedItemsImports = 13
		Shared\Shared.projitems*{702114fd-a639-4c6b-8c9b-86bb54e89a10}*SharedItemsImports = 13
	EndGlobalSection
	GlobalSection(SolutionConfigurationPlatforms) = preSolution
		Debug|Any CPU = Debug|Any CPU
		Release|Any CPU = Release|Any CPU
	EndGlobalSection
	GlobalSection(ProjectConfigurationPlatforms) = postSolution
		{317B5A25-5EFF-4398-9740-673C36BB30AA}.Debug|Any CPU.ActiveCfg = Debug|Any CPU
		{317B5A25-5EFF-4398-9740-673C36BB30AA}.Debug|Any CPU.Build.0 = Debug|Any CPU
		{317B5A25-5EFF-4398-9740-673C36BB30AA}.Release|Any CPU.ActiveCfg = Release|Any CPU
		{317B5A25-5EFF-4398-9740-673C36BB30AA}.Release|Any CPU.Build.0 = Release|Any CPU
		{4D7DEF46-CD1D-420B-A68D-2852DA3375B4}.Debug|Any CPU.ActiveCfg = Debug|Any CPU
		{4D7DEF46-CD1D-420B-A68D-2852DA3375B4}.Debug|Any CPU.Build.0 = Debug|Any CPU
		{4D7DEF46-CD1D-420B-A68D-2852DA3375B4}.Release|Any CPU.ActiveCfg = Release|Any CPU
		{4D7DEF46-CD1D-420B-A68D-2852DA3375B4}.Release|Any CPU.Build.0 = Release|Any CPU
		{0765B6FA-03A1-4442-9C62-54E005C212C7}.Debug|Any CPU.ActiveCfg = Debug|Any CPU
		{0765B6FA-03A1-4442-9C62-54E005C212C7}.Debug|Any CPU.Build.0 = Debug|Any CPU
		{0765B6FA-03A1-4442-9C62-54E005C212C7}.Release|Any CPU.ActiveCfg = Release|Any CPU
		{0765B6FA-03A1-4442-9C62-54E005C212C7}.Release|Any CPU.Build.0 = Release|Any CPU
		{02222EB5-B5ED-449F-B623-C6019F08B713}.Debug|Any CPU.ActiveCfg = Debug|Any CPU
		{02222EB5-B5ED-449F-B623-C6019F08B713}.Debug|Any CPU.Build.0 = Debug|Any CPU
		{02222EB5-B5ED-449F-B623-C6019F08B713}.Release|Any CPU.ActiveCfg = Release|Any CPU
		{02222EB5-B5ED-449F-B623-C6019F08B713}.Release|Any CPU.Build.0 = Release|Any CPU
		{603BDB14-B641-4AA9-964E-C6DDFE318A28}.Debug|Any CPU.ActiveCfg = Debug|Any CPU
		{603BDB14-B641-4AA9-964E-C6DDFE318A28}.Debug|Any CPU.Build.0 = Debug|Any CPU
		{603BDB14-B641-4AA9-964E-C6DDFE318A28}.Release|Any CPU.ActiveCfg = Release|Any CPU
		{603BDB14-B641-4AA9-964E-C6DDFE318A28}.Release|Any CPU.Build.0 = Release|Any CPU
		{2936DB99-8C90-4AE6-AC38-D651351FCBED}.Debug|Any CPU.ActiveCfg = Debug|Any CPU
		{2936DB99-8C90-4AE6-AC38-D651351FCBED}.Debug|Any CPU.Build.0 = Debug|Any CPU
		{2936DB99-8C90-4AE6-AC38-D651351FCBED}.Release|Any CPU.ActiveCfg = Release|Any CPU
		{2936DB99-8C90-4AE6-AC38-D651351FCBED}.Release|Any CPU.Build.0 = Release|Any CPU
		{45EB4349-BA91-4325-8C8B-C13264A44DE2}.Debug|Any CPU.ActiveCfg = Debug|Any CPU
		{45EB4349-BA91-4325-8C8B-C13264A44DE2}.Debug|Any CPU.Build.0 = Debug|Any CPU
		{45EB4349-BA91-4325-8C8B-C13264A44DE2}.Release|Any CPU.ActiveCfg = Release|Any CPU
		{45EB4349-BA91-4325-8C8B-C13264A44DE2}.Release|Any CPU.Build.0 = Release|Any CPU
		{0C3D5420-E961-4C17-B65E-66A60831A621}.Debug|Any CPU.ActiveCfg = Debug|Any CPU
		{0C3D5420-E961-4C17-B65E-66A60831A621}.Debug|Any CPU.Build.0 = Debug|Any CPU
		{0C3D5420-E961-4C17-B65E-66A60831A621}.Release|Any CPU.ActiveCfg = Release|Any CPU
		{0C3D5420-E961-4C17-B65E-66A60831A621}.Release|Any CPU.Build.0 = Release|Any CPU
		{BE81EF8E-8734-47BF-87E4-CBBCCE2194B8}.Debug|Any CPU.ActiveCfg = Debug|Any CPU
		{BE81EF8E-8734-47BF-87E4-CBBCCE2194B8}.Debug|Any CPU.Build.0 = Debug|Any CPU
		{BE81EF8E-8734-47BF-87E4-CBBCCE2194B8}.Release|Any CPU.ActiveCfg = Release|Any CPU
		{BE81EF8E-8734-47BF-87E4-CBBCCE2194B8}.Release|Any CPU.Build.0 = Release|Any CPU
		{57B6074E-7C85-4B51-877B-72267CD8A883}.Debug|Any CPU.ActiveCfg = Debug|Any CPU
		{57B6074E-7C85-4B51-877B-72267CD8A883}.Debug|Any CPU.Build.0 = Debug|Any CPU
		{57B6074E-7C85-4B51-877B-72267CD8A883}.Release|Any CPU.ActiveCfg = Release|Any CPU
		{57B6074E-7C85-4B51-877B-72267CD8A883}.Release|Any CPU.Build.0 = Release|Any CPU
		{5E0B3622-2DAB-42CD-89D2-65CA3FF1216E}.Debug|Any CPU.ActiveCfg = Debug|Any CPU
		{5E0B3622-2DAB-42CD-89D2-65CA3FF1216E}.Debug|Any CPU.Build.0 = Debug|Any CPU
		{5E0B3622-2DAB-42CD-89D2-65CA3FF1216E}.Release|Any CPU.ActiveCfg = Release|Any CPU
		{5E0B3622-2DAB-42CD-89D2-65CA3FF1216E}.Release|Any CPU.Build.0 = Release|Any CPU
		{2D2A3BC9-3B3E-4A33-A6D2-05F00E6D6656}.Debug|Any CPU.ActiveCfg = Debug|Any CPU
		{2D2A3BC9-3B3E-4A33-A6D2-05F00E6D6656}.Debug|Any CPU.Build.0 = Debug|Any CPU
		{2D2A3BC9-3B3E-4A33-A6D2-05F00E6D6656}.Release|Any CPU.ActiveCfg = Release|Any CPU
		{2D2A3BC9-3B3E-4A33-A6D2-05F00E6D6656}.Release|Any CPU.Build.0 = Release|Any CPU
		{F08B275D-4A69-4665-AE17-A9A45930FDC4}.Debug|Any CPU.ActiveCfg = Debug|Any CPU
		{F08B275D-4A69-4665-AE17-A9A45930FDC4}.Debug|Any CPU.Build.0 = Debug|Any CPU
		{F08B275D-4A69-4665-AE17-A9A45930FDC4}.Release|Any CPU.ActiveCfg = Release|Any CPU
		{F08B275D-4A69-4665-AE17-A9A45930FDC4}.Release|Any CPU.Build.0 = Release|Any CPU
		{43F1E302-5DC0-4EC2-90E5-1409C6C27765}.Debug|Any CPU.ActiveCfg = Debug|Any CPU
		{43F1E302-5DC0-4EC2-90E5-1409C6C27765}.Debug|Any CPU.Build.0 = Debug|Any CPU
		{43F1E302-5DC0-4EC2-90E5-1409C6C27765}.Release|Any CPU.ActiveCfg = Release|Any CPU
		{43F1E302-5DC0-4EC2-90E5-1409C6C27765}.Release|Any CPU.Build.0 = Release|Any CPU
		{06DAFEA1-0072-4D6C-BA8B-F32554EC4EEA}.Debug|Any CPU.ActiveCfg = Debug|Any CPU
		{06DAFEA1-0072-4D6C-BA8B-F32554EC4EEA}.Debug|Any CPU.Build.0 = Debug|Any CPU
		{06DAFEA1-0072-4D6C-BA8B-F32554EC4EEA}.Release|Any CPU.ActiveCfg = Release|Any CPU
		{06DAFEA1-0072-4D6C-BA8B-F32554EC4EEA}.Release|Any CPU.Build.0 = Release|Any CPU
		{9BB630F8-C571-44EC-B72F-F50631DC2EFC}.Debug|Any CPU.ActiveCfg = Debug|Any CPU
		{9BB630F8-C571-44EC-B72F-F50631DC2EFC}.Debug|Any CPU.Build.0 = Debug|Any CPU
		{9BB630F8-C571-44EC-B72F-F50631DC2EFC}.Release|Any CPU.ActiveCfg = Release|Any CPU
		{9BB630F8-C571-44EC-B72F-F50631DC2EFC}.Release|Any CPU.Build.0 = Release|Any CPU
		{453E2E44-3E69-4459-8E8D-E4772911B0D6}.Debug|Any CPU.ActiveCfg = Debug|Any CPU
		{453E2E44-3E69-4459-8E8D-E4772911B0D6}.Debug|Any CPU.Build.0 = Debug|Any CPU
		{453E2E44-3E69-4459-8E8D-E4772911B0D6}.Release|Any CPU.ActiveCfg = Release|Any CPU
		{453E2E44-3E69-4459-8E8D-E4772911B0D6}.Release|Any CPU.Build.0 = Release|Any CPU
		{4C81B715-9A81-4A1F-A1C8-6BF6486B22BC}.Debug|Any CPU.ActiveCfg = Debug|Any CPU
		{4C81B715-9A81-4A1F-A1C8-6BF6486B22BC}.Debug|Any CPU.Build.0 = Debug|Any CPU
		{4C81B715-9A81-4A1F-A1C8-6BF6486B22BC}.Release|Any CPU.ActiveCfg = Release|Any CPU
		{4C81B715-9A81-4A1F-A1C8-6BF6486B22BC}.Release|Any CPU.Build.0 = Release|Any CPU
		{AF15566C-0736-4CAD-8D7C-8205791F1C9A}.Debug|Any CPU.ActiveCfg = Debug|Any CPU
		{AF15566C-0736-4CAD-8D7C-8205791F1C9A}.Debug|Any CPU.Build.0 = Debug|Any CPU
		{AF15566C-0736-4CAD-8D7C-8205791F1C9A}.Release|Any CPU.ActiveCfg = Release|Any CPU
		{AF15566C-0736-4CAD-8D7C-8205791F1C9A}.Release|Any CPU.Build.0 = Release|Any CPU
		{75C58427-7334-4339-BF22-CA4C505FB885}.Debug|Any CPU.ActiveCfg = Debug|Any CPU
		{75C58427-7334-4339-BF22-CA4C505FB885}.Debug|Any CPU.Build.0 = Debug|Any CPU
		{75C58427-7334-4339-BF22-CA4C505FB885}.Release|Any CPU.ActiveCfg = Release|Any CPU
		{75C58427-7334-4339-BF22-CA4C505FB885}.Release|Any CPU.Build.0 = Release|Any CPU
		{7EBBFE40-AF54-438C-B53B-497645DE2D30}.Debug|Any CPU.ActiveCfg = Debug|Any CPU
		{7EBBFE40-AF54-438C-B53B-497645DE2D30}.Debug|Any CPU.Build.0 = Debug|Any CPU
		{7EBBFE40-AF54-438C-B53B-497645DE2D30}.Release|Any CPU.ActiveCfg = Release|Any CPU
		{7EBBFE40-AF54-438C-B53B-497645DE2D30}.Release|Any CPU.Build.0 = Release|Any CPU
		{3C0776D5-E1C3-47F3-812F-C8C9517C518F}.Debug|Any CPU.ActiveCfg = Debug|Any CPU
		{3C0776D5-E1C3-47F3-812F-C8C9517C518F}.Debug|Any CPU.Build.0 = Debug|Any CPU
		{3C0776D5-E1C3-47F3-812F-C8C9517C518F}.Release|Any CPU.ActiveCfg = Release|Any CPU
		{3C0776D5-E1C3-47F3-812F-C8C9517C518F}.Release|Any CPU.Build.0 = Release|Any CPU
	EndGlobalSection
	GlobalSection(SolutionProperties) = preSolution
		HideSolutionNode = FALSE
	EndGlobalSection
	GlobalSection(NestedProjects) = preSolution
		{317B5A25-5EFF-4398-9740-673C36BB30AA} = {32A76A65-A60B-423D-A4AC-FCA3BE0C4DEE}
		{4D7DEF46-CD1D-420B-A68D-2852DA3375B4} = {5D705D23-FF34-43DE-808B-8EFC007182C9}
		{0765B6FA-03A1-4442-9C62-54E005C212C7} = {32A76A65-A60B-423D-A4AC-FCA3BE0C4DEE}
		{02222EB5-B5ED-449F-B623-C6019F08B713} = {5D705D23-FF34-43DE-808B-8EFC007182C9}
		{702114FD-A639-4C6B-8C9B-86BB54E89A10} = {32A76A65-A60B-423D-A4AC-FCA3BE0C4DEE}
		{6178F30E-2466-443C-BC1D-83C157408173} = {5D705D23-FF34-43DE-808B-8EFC007182C9}
		{603BDB14-B641-4AA9-964E-C6DDFE318A28} = {32A76A65-A60B-423D-A4AC-FCA3BE0C4DEE}
		{2936DB99-8C90-4AE6-AC38-D651351FCBED} = {5D705D23-FF34-43DE-808B-8EFC007182C9}
		{45EB4349-BA91-4325-8C8B-C13264A44DE2} = {32A76A65-A60B-423D-A4AC-FCA3BE0C4DEE}
		{0C3D5420-E961-4C17-B65E-66A60831A621} = {5D705D23-FF34-43DE-808B-8EFC007182C9}
		{BE81EF8E-8734-47BF-87E4-CBBCCE2194B8} = {32A76A65-A60B-423D-A4AC-FCA3BE0C4DEE}
		{57B6074E-7C85-4B51-877B-72267CD8A883} = {5D705D23-FF34-43DE-808B-8EFC007182C9}
		{5E0B3622-2DAB-42CD-89D2-65CA3FF1216E} = {32A76A65-A60B-423D-A4AC-FCA3BE0C4DEE}
		{2D2A3BC9-3B3E-4A33-A6D2-05F00E6D6656} = {5D705D23-FF34-43DE-808B-8EFC007182C9}
		{F08B275D-4A69-4665-AE17-A9A45930FDC4} = {32A76A65-A60B-423D-A4AC-FCA3BE0C4DEE}
		{43F1E302-5DC0-4EC2-90E5-1409C6C27765} = {5D705D23-FF34-43DE-808B-8EFC007182C9}
		{06DAFEA1-0072-4D6C-BA8B-F32554EC4EEA} = {32A76A65-A60B-423D-A4AC-FCA3BE0C4DEE}
		{9BB630F8-C571-44EC-B72F-F50631DC2EFC} = {5D705D23-FF34-43DE-808B-8EFC007182C9}
		{453E2E44-3E69-4459-8E8D-E4772911B0D6} = {32A76A65-A60B-423D-A4AC-FCA3BE0C4DEE}
		{4C81B715-9A81-4A1F-A1C8-6BF6486B22BC} = {5D705D23-FF34-43DE-808B-8EFC007182C9}
		{7EBBFE40-AF54-438C-B53B-497645DE2D30} = {5D705D23-FF34-43DE-808B-8EFC007182C9}
		{3C0776D5-E1C3-47F3-812F-C8C9517C518F} = {5D705D23-FF34-43DE-808B-8EFC007182C9}
	EndGlobalSection
	GlobalSection(ExtensibilityGlobals) = postSolution
		SolutionGuid = {BBB912BD-CA86-4AEA-B3C0-7B9437C2577B}
	EndGlobalSection
EndGlobal
